
Microsoft Visual Studio Solution File, Format Version 12.00
# Visual Studio Version 17
VisualStudioVersion = 17.11.35327.3
MinimumVisualStudioVersion = 10.0.40219.1
Project("{FAE04EC0-301F-11D3-BF4B-00C04F79EFBC}") = "BAITAPLONXML", "BAITAPLONXML\BAITAPLONXML.csproj", "{E51B46B8-7E66-4C35-AD05-FD42138A9B78}"
EndProject
Global
	GlobalSection(SolutionConfigurationPlatforms) = preSolution
		Debug|Any CPU = Debug|Any CPU
		Release|Any CPU = Release|Any CPU
	EndGlobalSection
	GlobalSection(ProjectConfigurationPlatforms) = postSolution
		{E51B46B8-7E66-4C35-AD05-FD42138A9B78}.Debug|Any CPU.ActiveCfg = Debug|Any CPU
		{E51B46B8-7E66-4C35-AD05-FD42138A9B78}.Debug|Any CPU.Build.0 = Debug|Any CPU
		{E51B46B8-7E66-4C35-AD05-FD42138A9B78}.Release|Any CPU.ActiveCfg = Release|Any CPU
		{E51B46B8-7E66-4C35-AD05-FD42138A9B78}.Release|Any CPU.Build.0 = Release|Any CPU
	EndGlobalSection
	GlobalSection(SolutionProperties) = preSolution
		HideSolutionNode = FALSE
	EndGlobalSection
	GlobalSection(ExtensibilityGlobals) = postSolution
		SolutionGuid = {0C52F419-DC86-4209-ABF4-1FFDF7D7AD00}
	EndGlobalSection
EndGlobal
